{
  "name": "willywdev.github.io",
  "lockfileVersion": 3,
  "requires": true,
  "packages": {
    "": {
      "dependencies": {
        "@fortawesome/fontawesome-free": "^6.4.0",
        "material-icons": "^1.13.7"
      }
    },
    "node_modules/@fortawesome/fontawesome-free": {
      "version": "6.4.0",
      "resolved": "https://registry.npmjs.org/@fortawesome/fontawesome-free/-/fontawesome-free-6.4.0.tgz",
      "integrity": "sha512-0NyytTlPJwB/BF5LtRV8rrABDbe3TdTXqNB3PdZ+UUUZAEIrdOJdmABqKjt4AXwIoJNaRVVZEXxpNrqvE1GAYQ==",
      "hasInstallScript": true,
      "engines": {
        "node": ">=6"
      }
    },
    "node_modules/material-icons": {
      "version": "1.13.7",
      "resolved": "https://registry.npmjs.org/material-icons/-/material-icons-1.13.7.tgz",
      "integrity": "sha512-3gSvHUjInMhOGEjXjuz8Ux3NOl7Afgc2UtZNTb+xe9UmEv27ve2zH5a/R58R8VpyF+KMnwXwb6Liym1/1kXnVg=="
    }
  }
}
